
Microsoft Visual Studio Solution File, Format Version 12.00
# Visual Studio Version 16
VisualStudioVersion = 16.0.29709.97
MinimumVisualStudioVersion = 10.0.40219.1
Project("{FAE04EC0-301F-11D3-BF4B-00C04F79EFBC}") = "UrvalPatelDeliverable2", "UrvalPatelDeliverable2.csproj", "{D5BBD38A-EEE0-45AA-BA8D-083DFF2E732C}"
EndProject
Global
	GlobalSection(SolutionConfigurationPlatforms) = preSolution
		Debug|Any CPU = Debug|Any CPU
		Release|Any CPU = Release|Any CPU
	EndGlobalSection
	GlobalSection(ProjectConfigurationPlatforms) = postSolution
		{D5BBD38A-EEE0-45AA-BA8D-083DFF2E732C}.Debug|Any CPU.ActiveCfg = Debug|Any CPU
		{D5BBD38A-EEE0-45AA-BA8D-083DFF2E732C}.Debug|Any CPU.Build.0 = Debug|Any CPU
		{D5BBD38A-EEE0-45AA-BA8D-083DFF2E732C}.Release|Any CPU.ActiveCfg = Release|Any CPU
		{D5BBD38A-EEE0-45AA-BA8D-083DFF2E732C}.Release|Any CPU.Build.0 = Release|Any CPU
	EndGlobalSection
	GlobalSection(SolutionProperties) = preSolution
		HideSolutionNode = FALSE
	EndGlobalSection
	GlobalSection(ExtensibilityGlobals) = postSolution
		SolutionGuid = {7FCF17C1-8708-4406-AAFE-2CF988C14587}
	EndGlobalSection
EndGlobal
